
Microsoft Visual Studio Solution File, Format Version 12.00
Project("{FAE04EC0-301F-11D3-BF4B-00C04F79EFBC}") = "Pets", "Pets.csproj", "{409FFE03-6D66-4DAC-92CB-7F2BB5B87D72}"
EndProject
Project("{2150E333-8FDC-42A3-9474-1A3956D46DE8}") = "Solution Items", "Solution Items", "{6B6BE0E5-C737-45A3-B270-5E52D82D215F}"
	ProjectSection(SolutionItems) = preProject
		docker-compose.yml = docker-compose.yml
	EndProjectSection
EndProject
Global
	GlobalSection(SolutionConfigurationPlatforms) = preSolution
		Debug|Any CPU = Debug|Any CPU
		Release|Any CPU = Release|Any CPU
	EndGlobalSection
	GlobalSection(ProjectConfigurationPlatforms) = postSolution
		{409FFE03-6D66-4DAC-92CB-7F2BB5B87D72}.Debug|Any CPU.ActiveCfg = Debug|Any CPU
		{409FFE03-6D66-4DAC-92CB-7F2BB5B87D72}.Debug|Any CPU.Build.0 = Debug|Any CPU
		{409FFE03-6D66-4DAC-92CB-7F2BB5B87D72}.Release|Any CPU.ActiveCfg = Release|Any CPU
		{409FFE03-6D66-4DAC-92CB-7F2BB5B87D72}.Release|Any CPU.Build.0 = Release|Any CPU
	EndGlobalSection
EndGlobal
